
Microsoft Visual Studio Solution File, Format Version 12.00
# Visual Studio Version 16
VisualStudioVersion = 16.0.29613.14
MinimumVisualStudioVersion = 10.0.40219.1
Project("{FAE04EC0-301F-11D3-BF4B-00C04F79EFBC}") = "TaxiApp", "TaxiApp.csproj", "{76784EE5-46A8-4304-8E7D-F632140D6D49}"
EndProject
Global
	GlobalSection(SolutionConfigurationPlatforms) = preSolution
		Debug|Any CPU = Debug|Any CPU
		Release|Any CPU = Release|Any CPU
	EndGlobalSection
	GlobalSection(ProjectConfigurationPlatforms) = postSolution
		{76784EE5-46A8-4304-8E7D-F632140D6D49}.Debug|Any CPU.ActiveCfg = Debug|Any CPU
		{76784EE5-46A8-4304-8E7D-F632140D6D49}.Debug|Any CPU.Build.0 = Debug|Any CPU
		{76784EE5-46A8-4304-8E7D-F632140D6D49}.Release|Any CPU.ActiveCfg = Release|Any CPU
		{76784EE5-46A8-4304-8E7D-F632140D6D49}.Release|Any CPU.Build.0 = Release|Any CPU
	EndGlobalSection
	GlobalSection(SolutionProperties) = preSolution
		HideSolutionNode = FALSE
	EndGlobalSection
	GlobalSection(ExtensibilityGlobals) = postSolution
		SolutionGuid = {A39F969B-66B5-4ED9-ADEC-1AAE02208FE6}
	EndGlobalSection
EndGlobal
